// !$*UTF8*$!
{
	archiveVersion = 1;
	classes = {
	};
	objectVersion = 55;
	objects = {

/* Begin PBXBuildFile section */
		314072AC27B165FA00062C53 /* Tests_iOS.swift in Sources */ = {isa = PBXBuildFile; fileRef = 314072AB27B165FA00062C53 /* Tests_iOS.swift */; };
		314072AE27B165FA00062C53 /* Tests_iOSLaunchTests.swift in Sources */ = {isa = PBXBuildFile; fileRef = 314072AD27B165FA00062C53 /* Tests_iOSLaunchTests.swift */; };
		314072B827B165FA00062C53 /* Tests_macOS.swift in Sources */ = {isa = PBXBuildFile; fileRef = 314072B727B165FA00062C53 /* Tests_macOS.swift */; };
		314072BA27B165FA00062C53 /* Tests_macOSLaunchTests.swift in Sources */ = {isa = PBXBuildFile; fileRef = 314072B927B165FA00062C53 /* Tests_macOSLaunchTests.swift */; };
		314072BB27B165FA00062C53 /* TCAPracticeApp.swift in Sources */ = {isa = PBXBuildFile; fileRef = 3140729327B165F900062C53 /* TCAPracticeApp.swift */; };
		314072BC27B165FA00062C53 /* TCAPracticeApp.swift in Sources */ = {isa = PBXBuildFile; fileRef = 3140729327B165F900062C53 /* TCAPracticeApp.swift */; };
		314072BD27B165FA00062C53 /* ContentView.swift in Sources */ = {isa = PBXBuildFile; fileRef = 3140729427B165F900062C53 /* ContentView.swift */; };
		314072BE27B165FA00062C53 /* ContentView.swift in Sources */ = {isa = PBXBuildFile; fileRef = 3140729427B165F900062C53 /* ContentView.swift */; };
		314072BF27B165FA00062C53 /* Assets.xcassets in Resources */ = {isa = PBXBuildFile; fileRef = 3140729527B165FA00062C53 /* Assets.xcassets */; };
		314072C027B165FA00062C53 /* Assets.xcassets in Resources */ = {isa = PBXBuildFile; fileRef = 3140729527B165FA00062C53 /* Assets.xcassets */; };
		314072D127B166B300062C53 /* ComposableArchitecture in Frameworks */ = {isa = PBXBuildFile; productRef = 314072D027B166B300062C53 /* ComposableArchitecture */; };
		314072D327B4453D00062C53 /* CatDetailsView.swift in Sources */ = {isa = PBXBuildFile; fileRef = 314072D227B4453D00062C53 /* CatDetailsView.swift */; };
		314072D427B4453D00062C53 /* CatDetailsView.swift in Sources */ = {isa = PBXBuildFile; fileRef = 314072D227B4453D00062C53 /* CatDetailsView.swift */; };
		314072D627B4454C00062C53 /* CatsListView.swift in Sources */ = {isa = PBXBuildFile; fileRef = 314072D527B4454C00062C53 /* CatsListView.swift */; };
		314072D727B4454C00062C53 /* CatsListView.swift in Sources */ = {isa = PBXBuildFile; fileRef = 314072D527B4454C00062C53 /* CatsListView.swift */; };
		314072D927B4459C00062C53 /* FavCatsListView.swift in Sources */ = {isa = PBXBuildFile; fileRef = 314072D827B4459C00062C53 /* FavCatsListView.swift */; };
		314072DA27B4459C00062C53 /* FavCatsListView.swift in Sources */ = {isa = PBXBuildFile; fileRef = 314072D827B4459C00062C53 /* FavCatsListView.swift */; };
		31788C3227D559E200E76F5D /* Client.swift in Sources */ = {isa = PBXBuildFile; fileRef = 31788C3127D559E200E76F5D /* Client.swift */; };
		31788C3327D559E200E76F5D /* Client.swift in Sources */ = {isa = PBXBuildFile; fileRef = 31788C3127D559E200E76F5D /* Client.swift */; };
		31788C3527D55B4500E76F5D /* Requests.swift in Sources */ = {isa = PBXBuildFile; fileRef = 31788C3427D55B4500E76F5D /* Requests.swift */; };
		31788C3627D55B4500E76F5D /* Requests.swift in Sources */ = {isa = PBXBuildFile; fileRef = 31788C3427D55B4500E76F5D /* Requests.swift */; };
		31C77F7827E0E4EB00C9A0C0 /* Decoder.swift in Sources */ = {isa = PBXBuildFile; fileRef = 31C77F7727E0E4EB00C9A0C0 /* Decoder.swift */; };
		31C77F7927E0E4EB00C9A0C0 /* Decoder.swift in Sources */ = {isa = PBXBuildFile; fileRef = 31C77F7727E0E4EB00C9A0C0 /* Decoder.swift */; };
/* End PBXBuildFile section */

/* Begin PBXContainerItemProxy section */
		314072A827B165FA00062C53 /* PBXContainerItemProxy */ = {
			isa = PBXContainerItemProxy;
			containerPortal = 3140728E27B165F900062C53 /* Project object */;
			proxyType = 1;
			remoteGlobalIDString = 3140729927B165FA00062C53;
			remoteInfo = "TCAPractice (iOS)";
		};
		314072B427B165FA00062C53 /* PBXContainerItemProxy */ = {
			isa = PBXContainerItemProxy;
			containerPortal = 3140728E27B165F900062C53 /* Project object */;
			proxyType = 1;
			remoteGlobalIDString = 3140729F27B165FA00062C53;
			remoteInfo = "TCAPractice (macOS)";
		};
/* End PBXContainerItemProxy section */

/* Begin PBXFileReference section */
		3140729327B165F900062C53 /* TCAPracticeApp.swift */ = {isa = PBXFileReference; lastKnownFileType = sourcecode.swift; path = TCAPracticeApp.swift; sourceTree = "<group>"; };
		3140729427B165F900062C53 /* ContentView.swift */ = {isa = PBXFileReference; lastKnownFileType = sourcecode.swift; path = ContentView.swift; sourceTree = "<group>"; };
		3140729527B165FA00062C53 /* Assets.xcassets */ = {isa = PBXFileReference; lastKnownFileType = folder.assetcatalog; path = Assets.xcassets; sourceTree = "<group>"; };
		3140729A27B165FA00062C53 /* TCAPractice.app */ = {isa = PBXFileReference; explicitFileType = wrapper.application; includeInIndex = 0; path = TCAPractice.app; sourceTree = BUILT_PRODUCTS_DIR; };
		314072A027B165FA00062C53 /* TCAPractice.app */ = {isa = PBXFileReference; explicitFileType = wrapper.application; includeInIndex = 0; path = TCAPractice.app; sourceTree = BUILT_PRODUCTS_DIR; };
		314072A227B165FA00062C53 /* macOS.entitlements */ = {isa = PBXFileReference; lastKnownFileType = text.plist.entitlements; path = macOS.entitlements; sourceTree = "<group>"; };
		314072A727B165FA00062C53 /* Tests iOS.xctest */ = {isa = PBXFileReference; explicitFileType = wrapper.cfbundle; includeInIndex = 0; path = "Tests iOS.xctest"; sourceTree = BUILT_PRODUCTS_DIR; };
		314072AB27B165FA00062C53 /* Tests_iOS.swift */ = {isa = PBXFileReference; lastKnownFileType = sourcecode.swift; path = Tests_iOS.swift; sourceTree = "<group>"; };
		314072AD27B165FA00062C53 /* Tests_iOSLaunchTests.swift */ = {isa = PBXFileReference; lastKnownFileType = sourcecode.swift; path = Tests_iOSLaunchTests.swift; sourceTree = "<group>"; };
		314072B327B165FA00062C53 /* Tests macOS.xctest */ = {isa = PBXFileReference; explicitFileType = wrapper.cfbundle; includeInIndex = 0; path = "Tests macOS.xctest"; sourceTree = BUILT_PRODUCTS_DIR; };
		314072B727B165FA00062C53 /* Tests_macOS.swift */ = {isa = PBXFileReference; lastKnownFileType = sourcecode.swift; path = Tests_macOS.swift; sourceTree = "<group>"; };
		314072B927B165FA00062C53 /* Tests_macOSLaunchTests.swift */ = {isa = PBXFileReference; lastKnownFileType = sourcecode.swift; path = Tests_macOSLaunchTests.swift; sourceTree = "<group>"; };
		314072D227B4453D00062C53 /* CatDetailsView.swift */ = {isa = PBXFileReference; lastKnownFileType = sourcecode.swift; path = CatDetailsView.swift; sourceTree = "<group>"; };
		314072D527B4454C00062C53 /* CatsListView.swift */ = {isa = PBXFileReference; lastKnownFileType = sourcecode.swift; path = CatsListView.swift; sourceTree = "<group>"; };
		314072D827B4459C00062C53 /* FavCatsListView.swift */ = {isa = PBXFileReference; lastKnownFileType = sourcecode.swift; path = FavCatsListView.swift; sourceTree = "<group>"; };
		31788C3127D559E200E76F5D /* Client.swift */ = {isa = PBXFileReference; lastKnownFileType = sourcecode.swift; path = Client.swift; sourceTree = "<group>"; };
		31788C3427D55B4500E76F5D /* Requests.swift */ = {isa = PBXFileReference; lastKnownFileType = sourcecode.swift; path = Requests.swift; sourceTree = "<group>"; };
		31C77F7727E0E4EB00C9A0C0 /* Decoder.swift */ = {isa = PBXFileReference; lastKnownFileType = sourcecode.swift; path = Decoder.swift; sourceTree = "<group>"; };
/* End PBXFileReference section */

/* Begin PBXFrameworksBuildPhase section */
		3140729727B165FA00062C53 /* Frameworks */ = {
			isa = PBXFrameworksBuildPhase;
			buildActionMask = 2147483647;
			files = (
				314072D127B166B300062C53 /* ComposableArchitecture in Frameworks */,
			);
			runOnlyForDeploymentPostprocessing = 0;
		};
		3140729D27B165FA00062C53 /* Frameworks */ = {
			isa = PBXFrameworksBuildPhase;
			buildActionMask = 2147483647;
			files = (
			);
			runOnlyForDeploymentPostprocessing = 0;
		};
		314072A427B165FA00062C53 /* Frameworks */ = {
			isa = PBXFrameworksBuildPhase;
			buildActionMask = 2147483647;
			files = (
			);
			runOnlyForDeploymentPostprocessing = 0;
		};
		314072B027B165FA00062C53 /* Frameworks */ = {
			isa = PBXFrameworksBuildPhase;
			buildActionMask = 2147483647;
			files = (
			);
			runOnlyForDeploymentPostprocessing = 0;
		};
/* End PBXFrameworksBuildPhase section */

/* Begin PBXGroup section */
		3140728D27B165F900062C53 = {
			isa = PBXGroup;
			children = (
				3140729227B165F900062C53 /* Shared */,
				314072A127B165FA00062C53 /* macOS */,
				314072AA27B165FA00062C53 /* Tests iOS */,
				314072B627B165FA00062C53 /* Tests macOS */,
				3140729B27B165FA00062C53 /* Products */,
			);
			sourceTree = "<group>";
		};
		3140729227B165F900062C53 /* Shared */ = {
			isa = PBXGroup;
			children = (
				3140729327B165F900062C53 /* TCAPracticeApp.swift */,
				3140729427B165F900062C53 /* ContentView.swift */,
				3140729527B165FA00062C53 /* Assets.xcassets */,
				314072D227B4453D00062C53 /* CatDetailsView.swift */,
				314072D527B4454C00062C53 /* CatsListView.swift */,
				314072D827B4459C00062C53 /* FavCatsListView.swift */,
				31788C3127D559E200E76F5D /* Client.swift */,
				31788C3427D55B4500E76F5D /* Requests.swift */,
				31C77F7727E0E4EB00C9A0C0 /* Decoder.swift */,
			);
			path = Shared;
			sourceTree = "<group>";
		};
		3140729B27B165FA00062C53 /* Products */ = {
			isa = PBXGroup;
			children = (
				3140729A27B165FA00062C53 /* TCAPractice.app */,
				314072A027B165FA00062C53 /* TCAPractice.app */,
				314072A727B165FA00062C53 /* Tests iOS.xctest */,
				314072B327B165FA00062C53 /* Tests macOS.xctest */,
			);
			name = Products;
			sourceTree = "<group>";
		};
		314072A127B165FA00062C53 /* macOS */ = {
			isa = PBXGroup;
			children = (
				314072A227B165FA00062C53 /* macOS.entitlements */,
			);
			path = macOS;
			sourceTree = "<group>";
		};
		314072AA27B165FA00062C53 /* Tests iOS */ = {
			isa = PBXGroup;
			children = (
				314072AB27B165FA00062C53 /* Tests_iOS.swift */,
				314072AD27B165FA00062C53 /* Tests_iOSLaunchTests.swift */,
			);
			path = "Tests iOS";
			sourceTree = "<group>";
		};
		314072B627B165FA00062C53 /* Tests macOS */ = {
			isa = PBXGroup;
			children = (
				314072B727B165FA00062C53 /* Tests_macOS.swift */,
				314072B927B165FA00062C53 /* Tests_macOSLaunchTests.swift */,
			);
			path = "Tests macOS";
			sourceTree = "<group>";
		};
/* End PBXGroup section */

/* Begin PBXNativeTarget section */
		3140729927B165FA00062C53 /* TCAPractice (iOS) */ = {
			isa = PBXNativeTarget;
			buildConfigurationList = 314072C327B165FA00062C53 /* Build configuration list for PBXNativeTarget "TCAPractice (iOS)" */;
			buildPhases = (
				3140729627B165FA00062C53 /* Sources */,
				3140729727B165FA00062C53 /* Frameworks */,
				3140729827B165FA00062C53 /* Resources */,
			);
			buildRules = (
			);
			dependencies = (
			);
			name = "TCAPractice (iOS)";
			packageProductDependencies = (
				314072D027B166B300062C53 /* ComposableArchitecture */,
			);
			productName = "TCAPractice (iOS)";
			productReference = 3140729A27B165FA00062C53 /* TCAPractice.app */;
			productType = "com.apple.product-type.application";
		};
		3140729F27B165FA00062C53 /* TCAPractice (macOS) */ = {
			isa = PBXNativeTarget;
			buildConfigurationList = 314072C627B165FA00062C53 /* Build configuration list for PBXNativeTarget "TCAPractice (macOS)" */;
			buildPhases = (
				3140729C27B165FA00062C53 /* Sources */,
				3140729D27B165FA00062C53 /* Frameworks */,
				3140729E27B165FA00062C53 /* Resources */,
			);
			buildRules = (
			);
			dependencies = (
			);
			name = "TCAPractice (macOS)";
			productName = "TCAPractice (macOS)";
			productReference = 314072A027B165FA00062C53 /* TCAPractice.app */;
			productType = "com.apple.product-type.application";
		};
		314072A627B165FA00062C53 /* Tests iOS */ = {
			isa = PBXNativeTarget;
			buildConfigurationList = 314072C927B165FA00062C53 /* Build configuration list for PBXNativeTarget "Tests iOS" */;
			buildPhases = (
				314072A327B165FA00062C53 /* Sources */,
				314072A427B165FA00062C53 /* Frameworks */,
				314072A527B165FA00062C53 /* Resources */,
			);
			buildRules = (
			);
			dependencies = (
				314072A927B165FA00062C53 /* PBXTargetDependency */,
			);
			name = "Tests iOS";
			productName = "Tests iOS";
			productReference = 314072A727B165FA00062C53 /* Tests iOS.xctest */;
			productType = "com.apple.product-type.bundle.ui-testing";
		};
		314072B227B165FA00062C53 /* Tests macOS */ = {
			isa = PBXNativeTarget;
			buildConfigurationList = 314072CC27B165FA00062C53 /* Build configuration list for PBXNativeTarget "Tests macOS" */;
			buildPhases = (
				314072AF27B165FA00062C53 /* Sources */,
				314072B027B165FA00062C53 /* Frameworks */,
				314072B127B165FA00062C53 /* Resources */,
			);
			buildRules = (
			);
			dependencies = (
				314072B527B165FA00062C53 /* PBXTargetDependency */,
			);
			name = "Tests macOS";
			productName = "Tests macOS";
			productReference = 314072B327B165FA00062C53 /* Tests macOS.xctest */;
			productType = "com.apple.product-type.bundle.ui-testing";
		};
/* End PBXNativeTarget section */

/* Begin PBXProject section */
		3140728E27B165F900062C53 /* Project object */ = {
			isa = PBXProject;
			attributes = {
				BuildIndependentTargetsInParallel = 1;
				LastSwiftUpdateCheck = 1320;
				LastUpgradeCheck = 1320;
				TargetAttributes = {
					3140729927B165FA00062C53 = {
						CreatedOnToolsVersion = 13.2.1;
					};
					3140729F27B165FA00062C53 = {
						CreatedOnToolsVersion = 13.2.1;
					};
					314072A627B165FA00062C53 = {
						CreatedOnToolsVersion = 13.2.1;
						TestTargetID = 3140729927B165FA00062C53;
					};
					314072B227B165FA00062C53 = {
						CreatedOnToolsVersion = 13.2.1;
						TestTargetID = 3140729F27B165FA00062C53;
					};
				};
			};
			buildConfigurationList = 3140729127B165F900062C53 /* Build configuration list for PBXProject "TCAPractice" */;
			compatibilityVersion = "Xcode 13.0";
			developmentRegion = en;
			hasScannedForEncodings = 0;
			knownRegions = (
				en,
				Base,
			);
			mainGroup = 3140728D27B165F900062C53;
			packageReferences = (
				314072CF27B166B300062C53 /* XCRemoteSwiftPackageReference "swift-composable-architecture" */,
			);
			productRefGroup = 3140729B27B165FA00062C53 /* Products */;
			projectDirPath = "";
			projectRoot = "";
			targets = (
				3140729927B165FA00062C53 /* TCAPractice (iOS) */,
				3140729F27B165FA00062C53 /* TCAPractice (macOS) */,
				314072A627B165FA00062C53 /* Tests iOS */,
				314072B227B165FA00062C53 /* Tests macOS */,
			);
		};
/* End PBXProject section */

/* Begin PBXResourcesBuildPhase section */
		3140729827B165FA00062C53 /* Resources */ = {
			isa = PBXResourcesBuildPhase;
			buildActionMask = 2147483647;
			files = (
				314072BF27B165FA00062C53 /* Assets.xcassets in Resources */,
			);
			runOnlyForDeploymentPostprocessing = 0;
		};
		3140729E27B165FA00062C53 /* Resources */ = {
			isa = PBXResourcesBuildPhase;
			buildActionMask = 2147483647;
			files = (
				314072C027B165FA00062C53 /* Assets.xcassets in Resources */,
			);
			runOnlyForDeploymentPostprocessing = 0;
		};
		314072A527B165FA00062C53 /* Resources */ = {
			isa = PBXResourcesBuildPhase;
			buildActionMask = 2147483647;
			files = (
			);
			runOnlyForDeploymentPostprocessing = 0;
		};
		314072B127B165FA00062C53 /* Resources */ = {
			isa = PBXResourcesBuildPhase;
			buildActionMask = 2147483647;
			files = (
			);
			runOnlyForDeploymentPostprocessing = 0;
		};
/* End PBXResourcesBuildPhase section */

/* Begin PBXSourcesBuildPhase section */
		3140729627B165FA00062C53 /* Sources */ = {
			isa = PBXSourcesBuildPhase;
			buildActionMask = 2147483647;
			files = (
				314072BD27B165FA00062C53 /* ContentView.swift in Sources */,
				314072D327B4453D00062C53 /* CatDetailsView.swift in Sources */,
				31788C3227D559E200E76F5D /* Client.swift in Sources */,
				314072BB27B165FA00062C53 /* TCAPracticeApp.swift in Sources */,
				314072D627B4454C00062C53 /* CatsListView.swift in Sources */,
				31788C3527D55B4500E76F5D /* Requests.swift in Sources */,
				31C77F7827E0E4EB00C9A0C0 /* Decoder.swift in Sources */,
				314072D927B4459C00062C53 /* FavCatsListView.swift in Sources */,
			);
			runOnlyForDeploymentPostprocessing = 0;
		};
		3140729C27B165FA00062C53 /* Sources */ = {
			isa = PBXSourcesBuildPhase;
			buildActionMask = 2147483647;
			files = (
				314072BE27B165FA00062C53 /* ContentView.swift in Sources */,
				314072D427B4453D00062C53 /* CatDetailsView.swift in Sources */,
				31788C3327D559E200E76F5D /* Client.swift in Sources */,
				314072BC27B165FA00062C53 /* TCAPracticeApp.swift in Sources */,
				314072D727B4454C00062C53 /* CatsListView.swift in Sources */,
				31788C3627D55B4500E76F5D /* Requests.swift in Sources */,
				31C77F7927E0E4EB00C9A0C0 /* Decoder.swift in Sources */,
				314072DA27B4459C00062C53 /* FavCatsListView.swift in Sources */,
			);
			runOnlyForDeploymentPostprocessing = 0;
		};
		314072A327B165FA00062C53 /* Sources */ = {
			isa = PBXSourcesBuildPhase;
			buildActionMask = 2147483647;
			files = (
				314072AE27B165FA00062C53 /* Tests_iOSLaunchTests.swift in Sources */,
				314072AC27B165FA00062C53 /* Tests_iOS.swift in Sources */,
			);
			runOnlyForDeploymentPostprocessing = 0;
		};
		314072AF27B165FA00062C53 /* Sources */ = {
			isa = PBXSourcesBuildPhase;
			buildActionMask = 2147483647;
			files = (
				314072BA27B165FA00062C53 /* Tests_macOSLaunchTests.swift in Sources */,
				314072B827B165FA00062C53 /* Tests_macOS.swift in Sources */,
			);
			runOnlyForDeploymentPostprocessing = 0;
		};
/* End PBXSourcesBuildPhase section */

/* Begin PBXTargetDependency section */
		314072A927B165FA00062C53 /* PBXTargetDependency */ = {
			isa = PBXTargetDependency;
			target = 3140729927B165FA00062C53 /* TCAPractice (iOS) */;
			targetProxy = 314072A827B165FA00062C53 /* PBXContainerItemProxy */;
		};
		314072B527B165FA00062C53 /* PBXTargetDependency */ = {
			isa = PBXTargetDependency;
			target = 3140729F27B165FA00062C53 /* TCAPractice (macOS) */;
			targetProxy = 314072B427B165FA00062C53 /* PBXContainerItemProxy */;
		};
/* End PBXTargetDependency section */

/* Begin XCBuildConfiguration section */
		314072C127B165FA00062C53 /* Debug */ = {
			isa = XCBuildConfiguration;
			buildSettings = {
				ALWAYS_SEARCH_USER_PATHS = NO;
				CLANG_ANALYZER_NONNULL = YES;
				CLANG_ANALYZER_NUMBER_OBJECT_CONVERSION = YES_AGGRESSIVE;
				CLANG_CXX_LANGUAGE_STANDARD = "gnu++17";
				CLANG_CXX_LIBRARY = "libc++";
				CLANG_ENABLE_MODULES = YES;
				CLANG_ENABLE_OBJC_ARC = YES;
				CLANG_ENABLE_OBJC_WEAK = YES;
				CLANG_WARN_BLOCK_CAPTURE_AUTORELEASING = YES;
				CLANG_WARN_BOOL_CONVERSION = YES;
				CLANG_WARN_COMMA = YES;
				CLANG_WARN_CONSTANT_CONVERSION = YES;
				CLANG_WARN_DEPRECATED_OBJC_IMPLEMENTATIONS = YES;
				CLANG_WARN_DIRECT_OBJC_ISA_USAGE = YES_ERROR;
				CLANG_WARN_DOCUMENTATION_COMMENTS = YES;
				CLANG_WARN_EMPTY_BODY = YES;
				CLANG_WARN_ENUM_CONVERSION = YES;
				CLANG_WARN_INFINITE_RECURSION = YES;
				CLANG_WARN_INT_CONVERSION = YES;
				CLANG_WARN_NON_LITERAL_NULL_CONVERSION = YES;
				CLANG_WARN_OBJC_IMPLICIT_RETAIN_SELF = YES;
				CLANG_WARN_OBJC_LITERAL_CONVERSION = YES;
				CLANG_WARN_OBJC_ROOT_CLASS = YES_ERROR;
				CLANG_WARN_QUOTED_INCLUDE_IN_FRAMEWORK_HEADER = YES;
				CLANG_WARN_RANGE_LOOP_ANALYSIS = YES;
				CLANG_WARN_STRICT_PROTOTYPES = YES;
				CLANG_WARN_SUSPICIOUS_MOVE = YES;
				CLANG_WARN_UNGUARDED_AVAILABILITY = YES_AGGRESSIVE;
				CLANG_WARN_UNREACHABLE_CODE = YES;
				CLANG_WARN__DUPLICATE_METHOD_MATCH = YES;
				COPY_PHASE_STRIP = NO;
				DEBUG_INFORMATION_FORMAT = dwarf;
				ENABLE_STRICT_OBJC_MSGSEND = YES;
				ENABLE_TESTABILITY = YES;
				GCC_C_LANGUAGE_STANDARD = gnu11;
				GCC_DYNAMIC_NO_PIC = NO;
				GCC_NO_COMMON_BLOCKS = YES;
				GCC_OPTIMIZATION_LEVEL = 0;
				GCC_PREPROCESSOR_DEFINITIONS = (
					"DEBUG=1",
					"$(inherited)",
				);
				GCC_WARN_64_TO_32_BIT_CONVERSION = YES;
				GCC_WARN_ABOUT_RETURN_TYPE = YES_ERROR;
				GCC_WARN_UNDECLARED_SELECTOR = YES;
				GCC_WARN_UNINITIALIZED_AUTOS = YES_AGGRESSIVE;
				GCC_WARN_UNUSED_FUNCTION = YES;
				GCC_WARN_UNUSED_VARIABLE = YES;
				MTL_ENABLE_DEBUG_INFO = INCLUDE_SOURCE;
				MTL_FAST_MATH = YES;
				ONLY_ACTIVE_ARCH = YES;
				SWIFT_ACTIVE_COMPILATION_CONDITIONS = DEBUG;
				SWIFT_OPTIMIZATION_LEVEL = "-Onone";
			};
			name = Debug;
		};
		314072C227B165FA00062C53 /* Release */ = {
			isa = XCBuildConfiguration;
			buildSettings = {
				ALWAYS_SEARCH_USER_PATHS = NO;
				CLANG_ANALYZER_NONNULL = YES;
				CLANG_ANALYZER_NUMBER_OBJECT_CONVERSION = YES_AGGRESSIVE;
				CLANG_CXX_LANGUAGE_STANDARD = "gnu++17";
				CLANG_CXX_LIBRARY = "libc++";
				CLANG_ENABLE_MODULES = YES;
				CLANG_ENABLE_OBJC_ARC = YES;
				CLANG_ENABLE_OBJC_WEAK = YES;
				CLANG_WARN_BLOCK_CAPTURE_AUTORELEASING = YES;
				CLANG_WARN_BOOL_CONVERSION = YES;
				CLANG_WARN_COMMA = YES;
				CLANG_WARN_CONSTANT_CONVERSION = YES;
				CLANG_WARN_DEPRECATED_OBJC_IMPLEMENTATIONS = YES;
				CLANG_WARN_DIRECT_OBJC_ISA_USAGE = YES_ERROR;
				CLANG_WARN_DOCUMENTATION_COMMENTS = YES;
				CLANG_WARN_EMPTY_BODY = YES;
				CLANG_WARN_ENUM_CONVERSION = YES;
				CLANG_WARN_INFINITE_RECURSION = YES;
				CLANG_WARN_INT_CONVERSION = YES;
				CLANG_WARN_NON_LITERAL_NULL_CONVERSION = YES;
				CLANG_WARN_OBJC_IMPLICIT_RETAIN_SELF = YES;
				CLANG_WARN_OBJC_LITERAL_CONVERSION = YES;
				CLANG_WARN_OBJC_ROOT_CLASS = YES_ERROR;
				CLANG_WARN_QUOTED_INCLUDE_IN_FRAMEWORK_HEADER = YES;
				CLANG_WARN_RANGE_LOOP_ANALYSIS = YES;
				CLANG_WARN_STRICT_PROTOTYPES = YES;
				CLANG_WARN_SUSPICIOUS_MOVE = YES;
				CLANG_WARN_UNGUARDED_AVAILABILITY = YES_AGGRESSIVE;
				CLANG_WARN_UNREACHABLE_CODE = YES;
				CLANG_WARN__DUPLICATE_METHOD_MATCH = YES;
				COPY_PHASE_STRIP = NO;
				DEBUG_INFORMATION_FORMAT = "dwarf-with-dsym";
				ENABLE_NS_ASSERTIONS = NO;
				ENABLE_STRICT_OBJC_MSGSEND = YES;
				GCC_C_LANGUAGE_STANDARD = gnu11;
				GCC_NO_COMMON_BLOCKS = YES;
				GCC_WARN_64_TO_32_BIT_CONVERSION = YES;
				GCC_WARN_ABOUT_RETURN_TYPE = YES_ERROR;
				GCC_WARN_UNDECLARED_SELECTOR = YES;
				GCC_WARN_UNINITIALIZED_AUTOS = YES_AGGRESSIVE;
				GCC_WARN_UNUSED_FUNCTION = YES;
				GCC_WARN_UNUSED_VARIABLE = YES;
				MTL_ENABLE_DEBUG_INFO = NO;
				MTL_FAST_MATH = YES;
				SWIFT_COMPILATION_MODE = wholemodule;
				SWIFT_OPTIMIZATION_LEVEL = "-O";
			};
			name = Release;
		};
		314072C427B165FA00062C53 /* Debug */ = {
			isa = XCBuildConfiguration;
			buildSettings = {
				ASSETCATALOG_COMPILER_APPICON_NAME = AppIcon;
				ASSETCATALOG_COMPILER_GLOBAL_ACCENT_COLOR_NAME = AccentColor;
				CODE_SIGN_STYLE = Automatic;
				CURRENT_PROJECT_VERSION = 1;
				ENABLE_PREVIEWS = YES;
				GENERATE_INFOPLIST_FILE = YES;
				INFOPLIST_KEY_UIApplicationSceneManifest_Generation = YES;
				INFOPLIST_KEY_UIApplicationSupportsIndirectInputEvents = YES;
				INFOPLIST_KEY_UILaunchScreen_Generation = YES;
				INFOPLIST_KEY_UISupportedInterfaceOrientations_iPad = "UIInterfaceOrientationPortrait UIInterfaceOrientationPortraitUpsideDown UIInterfaceOrientationLandscapeLeft UIInterfaceOrientationLandscapeRight";
				INFOPLIST_KEY_UISupportedInterfaceOrientations_iPhone = "UIInterfaceOrientationPortrait UIInterfaceOrientationLandscapeLeft UIInterfaceOrientationLandscapeRight";
				IPHONEOS_DEPLOYMENT_TARGET = 15.2;
				LD_RUNPATH_SEARCH_PATHS = (
					"$(inherited)",
					"@executable_path/Frameworks",
				);
				MARKETING_VERSION = 1.0;
				PRODUCT_BUNDLE_IDENTIFIER = com.yasir.TCAPractice;
				PRODUCT_NAME = TCAPractice;
				SDKROOT = iphoneos;
				SWIFT_EMIT_LOC_STRINGS = YES;
				SWIFT_VERSION = 5.0;
				TARGETED_DEVICE_FAMILY = "1,2";
			};
			name = Debug;
		};
		314072C527B165FA00062C53 /* Release */ = {
			isa = XCBuildConfiguration;
			buildSettings = {
				ASSETCATALOG_COMPILER_APPICON_NAME = AppIcon;
				ASSETCATALOG_COMPILER_GLOBAL_ACCENT_COLOR_NAME = AccentColor;
				CODE_SIGN_STYLE = Automatic;
				CURRENT_PROJECT_VERSION = 1;
				ENABLE_PREVIEWS = YES;
				GENERATE_INFOPLIST_FILE = YES;
				INFOPLIST_KEY_UIApplicationSceneManifest_Generation = YES;
				INFOPLIST_KEY_UIApplicationSupportsIndirectInputEvents = YES;
				INFOPLIST_KEY_UILaunchScreen_Generation = YES;
				INFOPLIST_KEY_UISupportedInterfaceOrientations_iPad = "UIInterfaceOrientationPortrait UIInterfaceOrientationPortraitUpsideDown UIInterfaceOrientationLandscapeLeft UIInterfaceOrientationLandscapeRight";
				INFOPLIST_KEY_UISupportedInterfaceOrientations_iPhone = "UIInterfaceOrientationPortrait UIInterfaceOrientationLandscapeLeft UIInterfaceOrientationLandscapeRight";
				IPHONEOS_DEPLOYMENT_TARGET = 15.2;
				LD_RUNPATH_SEARCH_PATHS = (
					"$(inherited)",
					"@executable_path/Frameworks",
				);
				MARKETING_VERSION = 1.0;
				PRODUCT_BUNDLE_IDENTIFIER = com.yasir.TCAPractice;
				PRODUCT_NAME = TCAPractice;
				SDKROOT = iphoneos;
				SWIFT_EMIT_LOC_STRINGS = YES;
				SWIFT_VERSION = 5.0;
				TARGETED_DEVICE_FAMILY = "1,2";
				VALIDATE_PRODUCT = YES;
			};
			name = Release;
		};
		314072C727B165FA00062C53 /* Debug */ = {
			isa = XCBuildConfiguration;
			buildSettings = {
				ASSETCATALOG_COMPILER_APPICON_NAME = AppIcon;
				ASSETCATALOG_COMPILER_GLOBAL_ACCENT_COLOR_NAME = AccentColor;
				CODE_SIGN_ENTITLEMENTS = macOS/macOS.entitlements;
				CODE_SIGN_STYLE = Automatic;
				COMBINE_HIDPI_IMAGES = YES;
				CURRENT_PROJECT_VERSION = 1;
				ENABLE_PREVIEWS = YES;
				GENERATE_INFOPLIST_FILE = YES;
				INFOPLIST_KEY_NSHumanReadableCopyright = "";
				LD_RUNPATH_SEARCH_PATHS = (
					"$(inherited)",
					"@executable_path/../Frameworks",
				);
				MACOSX_DEPLOYMENT_TARGET = 12.1;
				MARKETING_VERSION = 1.0;
				PRODUCT_BUNDLE_IDENTIFIER = com.yasir.TCAPractice;
				PRODUCT_NAME = TCAPractice;
				SDKROOT = macosx;
				SWIFT_EMIT_LOC_STRINGS = YES;
				SWIFT_VERSION = 5.0;
			};
			name = Debug;
		};
		314072C827B165FA00062C53 /* Release */ = {
			isa = XCBuildConfiguration;
			buildSettings = {
				ASSETCATALOG_COMPILER_APPICON_NAME = AppIcon;
				ASSETCATALOG_COMPILER_GLOBAL_ACCENT_COLOR_NAME = AccentColor;
				CODE_SIGN_ENTITLEMENTS = macOS/macOS.entitlements;
				CODE_SIGN_STYLE = Automatic;
				COMBINE_HIDPI_IMAGES = YES;
				CURRENT_PROJECT_VERSION = 1;
				ENABLE_PREVIEWS = YES;
				GENERATE_INFOPLIST_FILE = YES;
				INFOPLIST_KEY_NSHumanReadableCopyright = "";
				LD_RUNPATH_SEARCH_PATHS = (
					"$(inherited)",
					"@executable_path/../Frameworks",
				);
				MACOSX_DEPLOYMENT_TARGET = 12.1;
				MARKETING_VERSION = 1.0;
				PRODUCT_BUNDLE_IDENTIFIER = com.yasir.TCAPractice;
				PRODUCT_NAME = TCAPractice;
				SDKROOT = macosx;
				SWIFT_EMIT_LOC_STRINGS = YES;
				SWIFT_VERSION = 5.0;
			};
			name = Release;
		};
		314072CA27B165FA00062C53 /* Debug */ = {
			isa = XCBuildConfiguration;
			buildSettings = {
				ALWAYS_EMBED_SWIFT_STANDARD_LIBRARIES = YES;
				CODE_SIGN_STYLE = Automatic;
				CURRENT_PROJECT_VERSION = 1;
				GENERATE_INFOPLIST_FILE = YES;
				IPHONEOS_DEPLOYMENT_TARGET = 15.2;
				MARKETING_VERSION = 1.0;
				PRODUCT_BUNDLE_IDENTIFIER = "com.yasir.Tests-iOS";
				PRODUCT_NAME = "$(TARGET_NAME)";
				SDKROOT = iphoneos;
				SWIFT_EMIT_LOC_STRINGS = NO;
				SWIFT_VERSION = 5.0;
				TARGETED_DEVICE_FAMILY = "1,2";
				TEST_TARGET_NAME = "TCAPractice (iOS)";
			};
			name = Debug;
		};
		314072CB27B165FA00062C53 /* Release */ = {
			isa = XCBuildConfiguration;
			buildSettings = {
				ALWAYS_EMBED_SWIFT_STANDARD_LIBRARIES = YES;
				CODE_SIGN_STYLE = Automatic;
				CURRENT_PROJECT_VERSION = 1;
				GENERATE_INFOPLIST_FILE = YES;
				IPHONEOS_DEPLOYMENT_TARGET = 15.2;
				MARKETING_VERSION = 1.0;
				PRODUCT_BUNDLE_IDENTIFIER = "com.yasir.Tests-iOS";
				PRODUCT_NAME = "$(TARGET_NAME)";
				SDKROOT = iphoneos;
				SWIFT_EMIT_LOC_STRINGS = NO;
				SWIFT_VERSION = 5.0;
				TARGETED_DEVICE_FAMILY = "1,2";
				TEST_TARGET_NAME = "TCAPractice (iOS)";
				VALIDATE_PRODUCT = YES;
			};
			name = Release;
		};
		314072CD27B165FA00062C53 /* Debug */ = {
			isa = XCBuildConfiguration;
			buildSettings = {
				ALWAYS_EMBED_SWIFT_STANDARD_LIBRARIES = YES;
				CODE_SIGN_STYLE = Automatic;
				CURRENT_PROJECT_VERSION = 1;
				GENERATE_INFOPLIST_FILE = YES;
				MACOSX_DEPLOYMENT_TARGET = 12.1;
				MARKETING_VERSION = 1.0;
				PRODUCT_BUNDLE_IDENTIFIER = "com.yasir.Tests-macOS";
				PRODUCT_NAME = "$(TARGET_NAME)";
				SDKROOT = macosx;
				SWIFT_EMIT_LOC_STRINGS = NO;
				SWIFT_VERSION = 5.0;
				TEST_TARGET_NAME = "TCAPractice (macOS)";
			};
			name = Debug;
		};
		314072CE27B165FA00062C53 /* Release */ = {
			isa = XCBuildConfiguration;
			buildSettings = {
				ALWAYS_EMBED_SWIFT_STANDARD_LIBRARIES = YES;
				CODE_SIGN_STYLE = Automatic;
				CURRENT_PROJECT_VERSION = 1;
				GENERATE_INFOPLIST_FILE = YES;
				MACOSX_DEPLOYMENT_TARGET = 12.1;
				MARKETING_VERSION = 1.0;
				PRODUCT_BUNDLE_IDENTIFIER = "com.yasir.Tests-macOS";
				PRODUCT_NAME = "$(TARGET_NAME)";
				SDKROOT = macosx;
				SWIFT_EMIT_LOC_STRINGS = NO;
				SWIFT_VERSION = 5.0;
				TEST_TARGET_NAME = "TCAPractice (macOS)";
			};
			name = Release;
		};
/* End XCBuildConfiguration section */

/* Begin XCConfigurationList section */
		3140729127B165F900062C53 /* Build configuration list for PBXProject "TCAPractice" */ = {
			isa = XCConfigurationList;
			buildConfigurations = (
				314072C127B165FA00062C53 /* Debug */,
				314072C227B165FA00062C53 /* Release */,
			);
			defaultConfigurationIsVisible = 0;
			defaultConfigurationName = Release;
		};
		314072C327B165FA00062C53 /* Build configuration list for PBXNativeTarget "TCAPractice (iOS)" */ = {
			isa = XCConfigurationList;
			buildConfigurations = (
				314072C427B165FA00062C53 /* Debug */,
				314072C527B165FA00062C53 /* Release */,
			);
			defaultConfigurationIsVisible = 0;
			defaultConfigurationName = Release;
		};
		314072C627B165FA00062C53 /* Build configuration list for PBXNativeTarget "TCAPractice (macOS)" */ = {
			isa = XCConfigurationList;
			buildConfigurations = (
				314072C727B165FA00062C53 /* Debug */,
				314072C827B165FA00062C53 /* Release */,
			);
			defaultConfigurationIsVisible = 0;
			defaultConfigurationName = Release;
		};
		314072C927B165FA00062C53 /* Build configuration list for PBXNativeTarget "Tests iOS" */ = {
			isa = XCConfigurationList;
			buildConfigurations = (
				314072CA27B165FA00062C53 /* Debug */,
				314072CB27B165FA00062C53 /* Release */,
			);
			defaultConfigurationIsVisible = 0;
			defaultConfigurationName = Release;
		};
		314072CC27B165FA00062C53 /* Build configuration list for PBXNativeTarget "Tests macOS" */ = {
			isa = XCConfigurationList;
			buildConfigurations = (
				314072CD27B165FA00062C53 /* Debug */,
				314072CE27B165FA00062C53 /* Release */,
			);
			defaultConfigurationIsVisible = 0;
			defaultConfigurationName = Release;
		};
/* End XCConfigurationList section */

/* Begin XCRemoteSwiftPackageReference section */
		314072CF27B166B300062C53 /* XCRemoteSwiftPackageReference "swift-composable-architecture" */ = {
			isa = XCRemoteSwiftPackageReference;
			repositoryURL = "https://github.com/pointfreeco/swift-composable-architecture";
			requirement = {
				branch = main;
				kind = branch;
			};
		};
/* End XCRemoteSwiftPackageReference section */

/* Begin XCSwiftPackageProductDependency section */
		314072D027B166B300062C53 /* ComposableArchitecture */ = {
			isa = XCSwiftPackageProductDependency;
			package = 314072CF27B166B300062C53 /* XCRemoteSwiftPackageReference "swift-composable-architecture" */;
			productName = ComposableArchitecture;
		};
/* End XCSwiftPackageProductDependency section */
	};
	rootObject = 3140728E27B165F900062C53 /* Project object */;
}
